// !$*UTF8*$!
{
	archiveVersion = 1;
	classes = {
	};
	objectVersion = 50;
	objects = {

/* Begin PBXBuildFile section */
		EE82EED124161ACC0008EC73 /* AppDelegate.m in Sources */ = {isa = PBXBuildFile; fileRef = EE82EED024161ACC0008EC73 /* AppDelegate.m */; };
		EE82EEDC24161ACD0008EC73 /* Assets.xcassets in Resources */ = {isa = PBXBuildFile; fileRef = EE82EEDB24161ACD0008EC73 /* Assets.xcassets */; };
		EE82EEDF24161ACD0008EC73 /* LaunchScreen.storyboard in Resources */ = {isa = PBXBuildFile; fileRef = EE82EEDD24161ACD0008EC73 /* LaunchScreen.storyboard */; };
		EE82EEE224161ACD0008EC73 /* main.m in Sources */ = {isa = PBXBuildFile; fileRef = EE82EEE124161ACD0008EC73 /* main.m */; };
		EE82EEEC24161ACE0008EC73 /* drawRectangleTests.m in Sources */ = {isa = PBXBuildFile; fileRef = EE82EEEB24161ACE0008EC73 /* drawRectangleTests.m */; };
		EE82EEF724161ACE0008EC73 /* drawRectangleUITests.m in Sources */ = {isa = PBXBuildFile; fileRef = EE82EEF624161ACE0008EC73 /* drawRectangleUITests.m */; };
		EE82EF0A241627680008EC73 /* TestViewController.m in Sources */ = {isa = PBXBuildFile; fileRef = EE82EF09241627680008EC73 /* TestViewController.m */; };
		EE92762A242F1B440083B936 /* PointsSpreadView.m in Sources */ = {isa = PBXBuildFile; fileRef = EE927625242F1B430083B936 /* PointsSpreadView.m */; };
		EE92762B242F1B440083B936 /* LineCorverageView.m in Sources */ = {isa = PBXBuildFile; fileRef = EE927627242F1B430083B936 /* LineCorverageView.m */; };
		EE92762C242F1B440083B936 /* MNPoint.m in Sources */ = {isa = PBXBuildFile; fileRef = EE927628242F1B430083B936 /* MNPoint.m */; };
/* End PBXBuildFile section */

/* Begin PBXContainerItemProxy section */
		EE82EEE824161ACE0008EC73 /* PBXContainerItemProxy */ = {
			isa = PBXContainerItemProxy;
			containerPortal = EE82EEC424161ACC0008EC73 /* Project object */;
			proxyType = 1;
			remoteGlobalIDString = EE82EECB24161ACC0008EC73;
			remoteInfo = drawRectangle;
		};
		EE82EEF324161ACE0008EC73 /* PBXContainerItemProxy */ = {
			isa = PBXContainerItemProxy;
			containerPortal = EE82EEC424161ACC0008EC73 /* Project object */;
			proxyType = 1;
			remoteGlobalIDString = EE82EECB24161ACC0008EC73;
			remoteInfo = drawRectangle;
		};
/* End PBXContainerItemProxy section */

/* Begin PBXFileReference section */
		EE82EECC24161ACC0008EC73 /* drawRectangle.app */ = {isa = PBXFileReference; explicitFileType = wrapper.application; includeInIndex = 0; path = drawRectangle.app; sourceTree = BUILT_PRODUCTS_DIR; };
		EE82EECF24161ACC0008EC73 /* AppDelegate.h */ = {isa = PBXFileReference; lastKnownFileType = sourcecode.c.h; path = AppDelegate.h; sourceTree = "<group>"; };
		EE82EED024161ACC0008EC73 /* AppDelegate.m */ = {isa = PBXFileReference; lastKnownFileType = sourcecode.c.objc; path = AppDelegate.m; sourceTree = "<group>"; };
		EE82EEDB24161ACD0008EC73 /* Assets.xcassets */ = {isa = PBXFileReference; lastKnownFileType = folder.assetcatalog; path = Assets.xcassets; sourceTree = "<group>"; };
		EE82EEDE24161ACD0008EC73 /* Base */ = {isa = PBXFileReference; lastKnownFileType = file.storyboard; name = Base; path = Base.lproj/LaunchScreen.storyboard; sourceTree = "<group>"; };
		EE82EEE024161ACD0008EC73 /* Info.plist */ = {isa = PBXFileReference; lastKnownFileType = text.plist.xml; path = Info.plist; sourceTree = "<group>"; };
		EE82EEE124161ACD0008EC73 /* main.m */ = {isa = PBXFileReference; lastKnownFileType = sourcecode.c.objc; path = main.m; sourceTree = "<group>"; };
		EE82EEE724161ACE0008EC73 /* drawRectangleTests.xctest */ = {isa = PBXFileReference; explicitFileType = wrapper.cfbundle; includeInIndex = 0; path = drawRectangleTests.xctest; sourceTree = BUILT_PRODUCTS_DIR; };
		EE82EEEB24161ACE0008EC73 /* drawRectangleTests.m */ = {isa = PBXFileReference; lastKnownFileType = sourcecode.c.objc; path = drawRectangleTests.m; sourceTree = "<group>"; };
		EE82EEED24161ACE0008EC73 /* Info.plist */ = {isa = PBXFileReference; lastKnownFileType = text.plist.xml; path = Info.plist; sourceTree = "<group>"; };
		EE82EEF224161ACE0008EC73 /* drawRectangleUITests.xctest */ = {isa = PBXFileReference; explicitFileType = wrapper.cfbundle; includeInIndex = 0; path = drawRectangleUITests.xctest; sourceTree = BUILT_PRODUCTS_DIR; };
		EE82EEF624161ACE0008EC73 /* drawRectangleUITests.m */ = {isa = PBXFileReference; lastKnownFileType = sourcecode.c.objc; path = drawRectangleUITests.m; sourceTree = "<group>"; };
		EE82EEF824161ACE0008EC73 /* Info.plist */ = {isa = PBXFileReference; lastKnownFileType = text.plist.xml; path = Info.plist; sourceTree = "<group>"; };
		EE82EF08241627680008EC73 /* TestViewController.h */ = {isa = PBXFileReference; lastKnownFileType = sourcecode.c.h; path = TestViewController.h; sourceTree = "<group>"; };
		EE82EF09241627680008EC73 /* TestViewController.m */ = {isa = PBXFileReference; lastKnownFileType = sourcecode.c.objc; path = TestViewController.m; sourceTree = "<group>"; };
		EE927624242F1B430083B936 /* LineCorverageView.h */ = {isa = PBXFileReference; fileEncoding = 4; lastKnownFileType = sourcecode.c.h; path = LineCorverageView.h; sourceTree = "<group>"; };
		EE927625242F1B430083B936 /* PointsSpreadView.m */ = {isa = PBXFileReference; fileEncoding = 4; lastKnownFileType = sourcecode.c.objc; path = PointsSpreadView.m; sourceTree = "<group>"; };
		EE927626242F1B430083B936 /* MNPoint.h */ = {isa = PBXFileReference; fileEncoding = 4; lastKnownFileType = sourcecode.c.h; path = MNPoint.h; sourceTree = "<group>"; };
		EE927627242F1B430083B936 /* LineCorverageView.m */ = {isa = PBXFileReference; fileEncoding = 4; lastKnownFileType = sourcecode.c.objc; path = LineCorverageView.m; sourceTree = "<group>"; };
		EE927628242F1B430083B936 /* MNPoint.m */ = {isa = PBXFileReference; fileEncoding = 4; lastKnownFileType = sourcecode.c.objc; path = MNPoint.m; sourceTree = "<group>"; };
		EE927629242F1B430083B936 /* PointsSpreadView.h */ = {isa = PBXFileReference; fileEncoding = 4; lastKnownFileType = sourcecode.c.h; path = PointsSpreadView.h; sourceTree = "<group>"; };
/* End PBXFileReference section */

/* Begin PBXFrameworksBuildPhase section */
		EE82EEC924161ACC0008EC73 /* Frameworks */ = {
			isa = PBXFrameworksBuildPhase;
			buildActionMask = 2147483647;
			files = (
			);
			runOnlyForDeploymentPostprocessing = 0;
		};
		EE82EEE424161ACE0008EC73 /* Frameworks */ = {
			isa = PBXFrameworksBuildPhase;
			buildActionMask = 2147483647;
			files = (
			);
			runOnlyForDeploymentPostprocessing = 0;
		};
		EE82EEEF24161ACE0008EC73 /* Frameworks */ = {
			isa = PBXFrameworksBuildPhase;
			buildActionMask = 2147483647;
			files = (
			);
			runOnlyForDeploymentPostprocessing = 0;
		};
/* End PBXFrameworksBuildPhase section */

/* Begin PBXGroup section */
		EE82EEC324161ACC0008EC73 = {
			isa = PBXGroup;
			children = (
				EE927623242F1B430083B936 /* ManNiuPointSpreadView */,
				EE82EF08241627680008EC73 /* TestViewController.h */,
				EE82EF09241627680008EC73 /* TestViewController.m */,
				EE82EECE24161ACC0008EC73 /* drawRectangle */,
				EE82EEEA24161ACE0008EC73 /* drawRectangleTests */,
				EE82EEF524161ACE0008EC73 /* drawRectangleUITests */,
				EE82EECD24161ACC0008EC73 /* Products */,
			);
			sourceTree = "<group>";
		};
		EE82EECD24161ACC0008EC73 /* Products */ = {
			isa = PBXGroup;
			children = (
				EE82EECC24161ACC0008EC73 /* drawRectangle.app */,
				EE82EEE724161ACE0008EC73 /* drawRectangleTests.xctest */,
				EE82EEF224161ACE0008EC73 /* drawRectangleUITests.xctest */,
			);
			name = Products;
			sourceTree = "<group>";
		};
		EE82EECE24161ACC0008EC73 /* drawRectangle */ = {
			isa = PBXGroup;
			children = (
				EE82EECF24161ACC0008EC73 /* AppDelegate.h */,
				EE82EED024161ACC0008EC73 /* AppDelegate.m */,
				EE82EEDB24161ACD0008EC73 /* Assets.xcassets */,
				EE82EEDD24161ACD0008EC73 /* LaunchScreen.storyboard */,
				EE82EEE024161ACD0008EC73 /* Info.plist */,
				EE82EEE124161ACD0008EC73 /* main.m */,
			);
			path = drawRectangle;
			sourceTree = "<group>";
		};
		EE82EEEA24161ACE0008EC73 /* drawRectangleTests */ = {
			isa = PBXGroup;
			children = (
				EE82EEEB24161ACE0008EC73 /* drawRectangleTests.m */,
				EE82EEED24161ACE0008EC73 /* Info.plist */,
			);
			path = drawRectangleTests;
			sourceTree = "<group>";
		};
		EE82EEF524161ACE0008EC73 /* drawRectangleUITests */ = {
			isa = PBXGroup;
			children = (
				EE82EEF624161ACE0008EC73 /* drawRectangleUITests.m */,
				EE82EEF824161ACE0008EC73 /* Info.plist */,
			);
			path = drawRectangleUITests;
			sourceTree = "<group>";
		};
		EE927623242F1B430083B936 /* ManNiuPointSpreadView */ = {
			isa = PBXGroup;
			children = (
				EE927624242F1B430083B936 /* LineCorverageView.h */,
				EE927627242F1B430083B936 /* LineCorverageView.m */,
				EE927629242F1B430083B936 /* PointsSpreadView.h */,
				EE927625242F1B430083B936 /* PointsSpreadView.m */,
				EE927626242F1B430083B936 /* MNPoint.h */,
				EE927628242F1B430083B936 /* MNPoint.m */,
			);
			path = ManNiuPointSpreadView;
			sourceTree = "<group>";
		};
/* End PBXGroup section */

/* Begin PBXNativeTarget section */
		EE82EECB24161ACC0008EC73 /* drawRectangle */ = {
			isa = PBXNativeTarget;
			buildConfigurationList = EE82EEFB24161ACE0008EC73 /* Build configuration list for PBXNativeTarget "drawRectangle" */;
			buildPhases = (
				EE82EEC824161ACC0008EC73 /* Sources */,
				EE82EEC924161ACC0008EC73 /* Frameworks */,
				EE82EECA24161ACC0008EC73 /* Resources */,
			);
			buildRules = (
			);
			dependencies = (
			);
			name = drawRectangle;
			productName = drawRectangle;
			productReference = EE82EECC24161ACC0008EC73 /* drawRectangle.app */;
			productType = "com.apple.product-type.application";
		};
		EE82EEE624161ACE0008EC73 /* drawRectangleTests */ = {
			isa = PBXNativeTarget;
			buildConfigurationList = EE82EEFE24161ACE0008EC73 /* Build configuration list for PBXNativeTarget "drawRectangleTests" */;
			buildPhases = (
				EE82EEE324161ACE0008EC73 /* Sources */,
				EE82EEE424161ACE0008EC73 /* Frameworks */,
				EE82EEE524161ACE0008EC73 /* Resources */,
			);
			buildRules = (
			);
			dependencies = (
				EE82EEE924161ACE0008EC73 /* PBXTargetDependency */,
			);
			name = drawRectangleTests;
			productName = drawRectangleTests;
			productReference = EE82EEE724161ACE0008EC73 /* drawRectangleTests.xctest */;
			productType = "com.apple.product-type.bundle.unit-test";
		};
		EE82EEF124161ACE0008EC73 /* drawRectangleUITests */ = {
			isa = PBXNativeTarget;
			buildConfigurationList = EE82EF0124161ACE0008EC73 /* Build configuration list for PBXNativeTarget "drawRectangleUITests" */;
			buildPhases = (
				EE82EEEE24161ACE0008EC73 /* Sources */,
				EE82EEEF24161ACE0008EC73 /* Frameworks */,
				EE82EEF024161ACE0008EC73 /* Resources */,
			);
			buildRules = (
			);
			dependencies = (
				EE82EEF424161ACE0008EC73 /* PBXTargetDependency */,
			);
			name = drawRectangleUITests;
			productName = drawRectangleUITests;
			productReference = EE82EEF224161ACE0008EC73 /* drawRectangleUITests.xctest */;
			productType = "com.apple.product-type.bundle.ui-testing";
		};
/* End PBXNativeTarget section */

/* Begin PBXProject section */
		EE82EEC424161ACC0008EC73 /* Project object */ = {
			isa = PBXProject;
			attributes = {
				LastUpgradeCheck = 1110;
				ORGANIZATIONNAME = Tony;
				TargetAttributes = {
					EE82EECB24161ACC0008EC73 = {
						CreatedOnToolsVersion = 11.1;
					};
					EE82EEE624161ACE0008EC73 = {
						CreatedOnToolsVersion = 11.1;
						TestTargetID = EE82EECB24161ACC0008EC73;
					};
					EE82EEF124161ACE0008EC73 = {
						CreatedOnToolsVersion = 11.1;
						TestTargetID = EE82EECB24161ACC0008EC73;
					};
				};
			};
			buildConfigurationList = EE82EEC724161ACC0008EC73 /* Build configuration list for PBXProject "drawRectangle" */;
			compatibilityVersion = "Xcode 9.3";
			developmentRegion = en;
			hasScannedForEncodings = 0;
			knownRegions = (
				en,
				Base,
			);
			mainGroup = EE82EEC324161ACC0008EC73;
			productRefGroup = EE82EECD24161ACC0008EC73 /* Products */;
			projectDirPath = "";
			projectRoot = "";
			targets = (
				EE82EECB24161ACC0008EC73 /* drawRectangle */,
				EE82EEE624161ACE0008EC73 /* drawRectangleTests */,
				EE82EEF124161ACE0008EC73 /* drawRectangleUITests */,
			);
		};
/* End PBXProject section */

/* Begin PBXResourcesBuildPhase section */
		EE82EECA24161ACC0008EC73 /* Resources */ = {
			isa = PBXResourcesBuildPhase;
			buildActionMask = 2147483647;
			files = (
				EE82EEDF24161ACD0008EC73 /* LaunchScreen.storyboard in Resources */,
				EE82EEDC24161ACD0008EC73 /* Assets.xcassets in Resources */,
			);
			runOnlyForDeploymentPostprocessing = 0;
		};
		EE82EEE524161ACE0008EC73 /* Resources */ = {
			isa = PBXResourcesBuildPhase;
			buildActionMask = 2147483647;
			files = (
			);
			runOnlyForDeploymentPostprocessing = 0;
		};
		EE82EEF024161ACE0008EC73 /* Resources */ = {
			isa = PBXResourcesBuildPhase;
			buildActionMask = 2147483647;
			files = (
			);
			runOnlyForDeploymentPostprocessing = 0;
		};
/* End PBXResourcesBuildPhase section */

/* Begin PBXSourcesBuildPhase section */
		EE82EEC824161ACC0008EC73 /* Sources */ = {
			isa = PBXSourcesBuildPhase;
			buildActionMask = 2147483647;
			files = (
				EE82EED124161ACC0008EC73 /* AppDelegate.m in Sources */,
				EE82EEE224161ACD0008EC73 /* main.m in Sources */,
				EE92762A242F1B440083B936 /* PointsSpreadView.m in Sources */,
				EE92762B242F1B440083B936 /* LineCorverageView.m in Sources */,
				EE92762C242F1B440083B936 /* MNPoint.m in Sources */,
				EE82EF0A241627680008EC73 /* TestViewController.m in Sources */,
			);
			runOnlyForDeploymentPostprocessing = 0;
		};
		EE82EEE324161ACE0008EC73 /* Sources */ = {
			isa = PBXSourcesBuildPhase;
			buildActionMask = 2147483647;
			files = (
				EE82EEEC24161ACE0008EC73 /* drawRectangleTests.m in Sources */,
			);
			runOnlyForDeploymentPostprocessing = 0;
		};
		EE82EEEE24161ACE0008EC73 /* Sources */ = {
			isa = PBXSourcesBuildPhase;
			buildActionMask = 2147483647;
			files = (
				EE82EEF724161ACE0008EC73 /* drawRectangleUITests.m in Sources */,
			);
			runOnlyForDeploymentPostprocessing = 0;
		};
/* End PBXSourcesBuildPhase section */

/* Begin PBXTargetDependency section */
		EE82EEE924161ACE0008EC73 /* PBXTargetDependency */ = {
			isa = PBXTargetDependency;
			target = EE82EECB24161ACC0008EC73 /* drawRectangle */;
			targetProxy = EE82EEE824161ACE0008EC73 /* PBXContainerItemProxy */;
		};
		EE82EEF424161ACE0008EC73 /* PBXTargetDependency */ = {
			isa = PBXTargetDependency;
			target = EE82EECB24161ACC0008EC73 /* drawRectangle */;
			targetProxy = EE82EEF324161ACE0008EC73 /* PBXContainerItemProxy */;
		};
/* End PBXTargetDependency section */

/* Begin PBXVariantGroup section */
		EE82EEDD24161ACD0008EC73 /* LaunchScreen.storyboard */ = {
			isa = PBXVariantGroup;
			children = (
				EE82EEDE24161ACD0008EC73 /* Base */,
			);
			name = LaunchScreen.storyboard;
			sourceTree = "<group>";
		};
/* End PBXVariantGroup section */

/* Begin XCBuildConfiguration section */
		EE82EEF924161ACE0008EC73 /* Debug */ = {
			isa = XCBuildConfiguration;
			buildSettings = {
				ALWAYS_SEARCH_USER_PATHS = NO;
				CLANG_ANALYZER_NONNULL = YES;
				CLANG_ANALYZER_NUMBER_OBJECT_CONVERSION = YES_AGGRESSIVE;
				CLANG_CXX_LANGUAGE_STANDARD = "gnu++14";
				CLANG_CXX_LIBRARY = "libc++";
				CLANG_ENABLE_MODULES = YES;
				CLANG_ENABLE_OBJC_ARC = YES;
				CLANG_ENABLE_OBJC_WEAK = YES;
				CLANG_WARN_BLOCK_CAPTURE_AUTORELEASING = YES;
				CLANG_WARN_BOOL_CONVERSION = YES;
				CLANG_WARN_COMMA = YES;
				CLANG_WARN_CONSTANT_CONVERSION = YES;
				CLANG_WARN_DEPRECATED_OBJC_IMPLEMENTATIONS = YES;
				CLANG_WARN_DIRECT_OBJC_ISA_USAGE = YES_ERROR;
				CLANG_WARN_DOCUMENTATION_COMMENTS = YES;
				CLANG_WARN_EMPTY_BODY = YES;
				CLANG_WARN_ENUM_CONVERSION = YES;
				CLANG_WARN_INFINITE_RECURSION = YES;
				CLANG_WARN_INT_CONVERSION = YES;
				CLANG_WARN_NON_LITERAL_NULL_CONVERSION = YES;
				CLANG_WARN_OBJC_IMPLICIT_RETAIN_SELF = YES;
				CLANG_WARN_OBJC_LITERAL_CONVERSION = YES;
				CLANG_WARN_OBJC_ROOT_CLASS = YES_ERROR;
				CLANG_WARN_RANGE_LOOP_ANALYSIS = YES;
				CLANG_WARN_STRICT_PROTOTYPES = YES;
				CLANG_WARN_SUSPICIOUS_MOVE = YES;
				CLANG_WARN_UNGUARDED_AVAILABILITY = YES_AGGRESSIVE;
				CLANG_WARN_UNREACHABLE_CODE = YES;
				CLANG_WARN__DUPLICATE_METHOD_MATCH = YES;
				COPY_PHASE_STRIP = NO;
				DEBUG_INFORMATION_FORMAT = dwarf;
				ENABLE_STRICT_OBJC_MSGSEND = YES;
				ENABLE_TESTABILITY = YES;
				GCC_C_LANGUAGE_STANDARD = gnu11;
				GCC_DYNAMIC_NO_PIC = NO;
				GCC_NO_COMMON_BLOCKS = YES;
				GCC_OPTIMIZATION_LEVEL = 0;
				GCC_PREPROCESSOR_DEFINITIONS = (
					"DEBUG=1",
					"$(inherited)",
				);
				GCC_WARN_64_TO_32_BIT_CONVERSION = YES;
				GCC_WARN_ABOUT_RETURN_TYPE = YES_ERROR;
				GCC_WARN_UNDECLARED_SELECTOR = YES;
				GCC_WARN_UNINITIALIZED_AUTOS = YES_AGGRESSIVE;
				GCC_WARN_UNUSED_FUNCTION = YES;
				GCC_WARN_UNUSED_VARIABLE = YES;
				IPHONEOS_DEPLOYMENT_TARGET = 12.2;
				MTL_ENABLE_DEBUG_INFO = INCLUDE_SOURCE;
				MTL_FAST_MATH = YES;
				ONLY_ACTIVE_ARCH = YES;
				SDKROOT = iphoneos;
			};
			name = Debug;
		};
		EE82EEFA24161ACE0008EC73 /* Release */ = {
			isa = XCBuildConfiguration;
			buildSettings = {
				ALWAYS_SEARCH_USER_PATHS = NO;
				CLANG_ANALYZER_NONNULL = YES;
				CLANG_ANALYZER_NUMBER_OBJECT_CONVERSION = YES_AGGRESSIVE;
				CLANG_CXX_LANGUAGE_STANDARD = "gnu++14";
				CLANG_CXX_LIBRARY = "libc++";
				CLANG_ENABLE_MODULES = YES;
				CLANG_ENABLE_OBJC_ARC = YES;
				CLANG_ENABLE_OBJC_WEAK = YES;
				CLANG_WARN_BLOCK_CAPTURE_AUTORELEASING = YES;
				CLANG_WARN_BOOL_CONVERSION = YES;
				CLANG_WARN_COMMA = YES;
				CLANG_WARN_CONSTANT_CONVERSION = YES;
				CLANG_WARN_DEPRECATED_OBJC_IMPLEMENTATIONS = YES;
				CLANG_WARN_DIRECT_OBJC_ISA_USAGE = YES_ERROR;
				CLANG_WARN_DOCUMENTATION_COMMENTS = YES;
				CLANG_WARN_EMPTY_BODY = YES;
				CLANG_WARN_ENUM_CONVERSION = YES;
				CLANG_WARN_INFINITE_RECURSION = YES;
				CLANG_WARN_INT_CONVERSION = YES;
				CLANG_WARN_NON_LITERAL_NULL_CONVERSION = YES;
				CLANG_WARN_OBJC_IMPLICIT_RETAIN_SELF = YES;
				CLANG_WARN_OBJC_LITERAL_CONVERSION = YES;
				CLANG_WARN_OBJC_ROOT_CLASS = YES_ERROR;
				CLANG_WARN_RANGE_LOOP_ANALYSIS = YES;
				CLANG_WARN_STRICT_PROTOTYPES = YES;
				CLANG_WARN_SUSPICIOUS_MOVE = YES;
				CLANG_WARN_UNGUARDED_AVAILABILITY = YES_AGGRESSIVE;
				CLANG_WARN_UNREACHABLE_CODE = YES;
				CLANG_WARN__DUPLICATE_METHOD_MATCH = YES;
				COPY_PHASE_STRIP = NO;
				DEBUG_INFORMATION_FORMAT = "dwarf-with-dsym";
				ENABLE_NS_ASSERTIONS = NO;
				ENABLE_STRICT_OBJC_MSGSEND = YES;
				GCC_C_LANGUAGE_STANDARD = gnu11;
				GCC_NO_COMMON_BLOCKS = YES;
				GCC_WARN_64_TO_32_BIT_CONVERSION = YES;
				GCC_WARN_ABOUT_RETURN_TYPE = YES_ERROR;
				GCC_WARN_UNDECLARED_SELECTOR = YES;
				GCC_WARN_UNINITIALIZED_AUTOS = YES_AGGRESSIVE;
				GCC_WARN_UNUSED_FUNCTION = YES;
				GCC_WARN_UNUSED_VARIABLE = YES;
				IPHONEOS_DEPLOYMENT_TARGET = 12.2;
				MTL_ENABLE_DEBUG_INFO = NO;
				MTL_FAST_MATH = YES;
				SDKROOT = iphoneos;
				VALIDATE_PRODUCT = YES;
			};
			name = Release;
		};
		EE82EEFC24161ACE0008EC73 /* Debug */ = {
			isa = XCBuildConfiguration;
			buildSettings = {
				ASSETCATALOG_COMPILER_APPICON_NAME = AppIcon;
				CODE_SIGN_STYLE = Automatic;
				DEVELOPMENT_TEAM = M6HNF3MUK4;
				INFOPLIST_FILE = drawRectangle/Info.plist;
				LD_RUNPATH_SEARCH_PATHS = (
					"$(inherited)",
					"@executable_path/Frameworks",
				);
				PRODUCT_BUNDLE_IDENTIFIER = com.manniu.burryPoint.drawRectangle;
				PRODUCT_NAME = "$(TARGET_NAME)";
				TARGETED_DEVICE_FAMILY = "1,2";
			};
			name = Debug;
		};
		EE82EEFD24161ACE0008EC73 /* Release */ = {
			isa = XCBuildConfiguration;
			buildSettings = {
				ASSETCATALOG_COMPILER_APPICON_NAME = AppIcon;
				CODE_SIGN_STYLE = Automatic;
				DEVELOPMENT_TEAM = M6HNF3MUK4;
				INFOPLIST_FILE = drawRectangle/Info.plist;
				LD_RUNPATH_SEARCH_PATHS = (
					"$(inherited)",
					"@executable_path/Frameworks",
				);
				PRODUCT_BUNDLE_IDENTIFIER = com.manniu.burryPoint.drawRectangle;
				PRODUCT_NAME = "$(TARGET_NAME)";
				TARGETED_DEVICE_FAMILY = "1,2";
			};
			name = Release;
		};
		EE82EEFF24161ACE0008EC73 /* Debug */ = {
			isa = XCBuildConfiguration;
			buildSettings = {
				BUNDLE_LOADER = "$(TEST_HOST)";
				CODE_SIGN_STYLE = Automatic;
				DEVELOPMENT_TEAM = XYFPU28B7N;
				INFOPLIST_FILE = drawRectangleTests/Info.plist;
				IPHONEOS_DEPLOYMENT_TARGET = 13.1;
				LD_RUNPATH_SEARCH_PATHS = (
					"$(inherited)",
					"@executable_path/Frameworks",
					"@loader_path/Frameworks",
				);
				PRODUCT_BUNDLE_IDENTIFIER = com.manniu.burryPoint.drawRectangleTests;
				PRODUCT_NAME = "$(TARGET_NAME)";
				TARGETED_DEVICE_FAMILY = "1,2";
				TEST_HOST = "$(BUILT_PRODUCTS_DIR)/drawRectangle.app/drawRectangle";
			};
			name = Debug;
		};
		EE82EF0024161ACE0008EC73 /* Release */ = {
			isa = XCBuildConfiguration;
			buildSettings = {
				BUNDLE_LOADER = "$(TEST_HOST)";
				CODE_SIGN_STYLE = Automatic;
				DEVELOPMENT_TEAM = XYFPU28B7N;
				INFOPLIST_FILE = drawRectangleTests/Info.plist;
				IPHONEOS_DEPLOYMENT_TARGET = 13.1;
				LD_RUNPATH_SEARCH_PATHS = (
					"$(inherited)",
					"@executable_path/Frameworks",
					"@loader_path/Frameworks",
				);
				PRODUCT_BUNDLE_IDENTIFIER = com.manniu.burryPoint.drawRectangleTests;
				PRODUCT_NAME = "$(TARGET_NAME)";
				TARGETED_DEVICE_FAMILY = "1,2";
				TEST_HOST = "$(BUILT_PRODUCTS_DIR)/drawRectangle.app/drawRectangle";
			};
			name = Release;
		};
		EE82EF0224161ACE0008EC73 /* Debug */ = {
			isa = XCBuildConfiguration;
			buildSettings = {
				CODE_SIGN_STYLE = Automatic;
				DEVELOPMENT_TEAM = XYFPU28B7N;
				INFOPLIST_FILE = drawRectangleUITests/Info.plist;
				LD_RUNPATH_SEARCH_PATHS = (
					"$(inherited)",
					"@executable_path/Frameworks",
					"@loader_path/Frameworks",
				);
				PRODUCT_BUNDLE_IDENTIFIER = com.manniu.burryPoint.drawRectangleUITests;
				PRODUCT_NAME = "$(TARGET_NAME)";
				TARGETED_DEVICE_FAMILY = "1,2";
				TEST_TARGET_NAME = drawRectangle;
			};
			name = Debug;
		};
		EE82EF0324161ACE0008EC73 /* Release */ = {
			isa = XCBuildConfiguration;
			buildSettings = {
				CODE_SIGN_STYLE = Automatic;
				DEVELOPMENT_TEAM = XYFPU28B7N;
				INFOPLIST_FILE = drawRectangleUITests/Info.plist;
				LD_RUNPATH_SEARCH_PATHS = (
					"$(inherited)",
					"@executable_path/Frameworks",
					"@loader_path/Frameworks",
				);
				PRODUCT_BUNDLE_IDENTIFIER = com.manniu.burryPoint.drawRectangleUITests;
				PRODUCT_NAME = "$(TARGET_NAME)";
				TARGETED_DEVICE_FAMILY = "1,2";
				TEST_TARGET_NAME = drawRectangle;
			};
			name = Release;
		};
/* End XCBuildConfiguration section */

/* Begin XCConfigurationList section */
		EE82EEC724161ACC0008EC73 /* Build configuration list for PBXProject "drawRectangle" */ = {
			isa = XCConfigurationList;
			buildConfigurations = (
				EE82EEF924161ACE0008EC73 /* Debug */,
				EE82EEFA24161ACE0008EC73 /* Release */,
			);
			defaultConfigurationIsVisible = 0;
			defaultConfigurationName = Release;
		};
		EE82EEFB24161ACE0008EC73 /* Build configuration list for PBXNativeTarget "drawRectangle" */ = {
			isa = XCConfigurationList;
			buildConfigurations = (
				EE82EEFC24161ACE0008EC73 /* Debug */,
				EE82EEFD24161ACE0008EC73 /* Release */,
			);
			defaultConfigurationIsVisible = 0;
			defaultConfigurationName = Release;
		};
		EE82EEFE24161ACE0008EC73 /* Build configuration list for PBXNativeTarget "drawRectangleTests" */ = {
			isa = XCConfigurationList;
			buildConfigurations = (
				EE82EEFF24161ACE0008EC73 /* Debug */,
				EE82EF0024161ACE0008EC73 /* Release */,
			);
			defaultConfigurationIsVisible = 0;
			defaultConfigurationName = Release;
		};
		EE82EF0124161ACE0008EC73 /* Build configuration list for PBXNativeTarget "drawRectangleUITests" */ = {
			isa = XCConfigurationList;
			buildConfigurations = (
				EE82EF0224161ACE0008EC73 /* Debug */,
				EE82EF0324161ACE0008EC73 /* Release */,
			);
			defaultConfigurationIsVisible = 0;
			defaultConfigurationName = Release;
		};
/* End XCConfigurationList section */
	};
	rootObject = EE82EEC424161ACC0008EC73 /* Project object */;
}
